{
  "name": "@layer0/express",
  "version": "4.3.2",
  "lockfileVersion": 1,
  "requires": true,
  "dependencies": {
    "@types/node": {
      "version": "14.17.26",
      "resolved": "https://registry.npmjs.org/@types/node/-/node-14.17.26.tgz",
      "integrity": "sha512-eSTNkK/nfmnC7IKpOJZixDgG0W2/eHz1qyFN7o/rwwwIHsVRp+G9nbh4BrQ77kbQ2zPu286AQRxkuRLPcR3gXw==",
      "dev": true
    }
  }
}
