{
  "name": "@layer0/astro",
  "version": "4.10.3",
  "lockfileVersion": 1,
  "requires": true,
  "dependencies": {
    "@types/node": {
      "version": "14.17.27",
      "resolved": "https://registry.npmjs.org/@types/node/-/node-14.17.27.tgz",
      "integrity": "sha512-94+Ahf9IcaDuJTle/2b+wzvjmutxXAEXU6O81JHblYXUg2BDG+dnBy7VxIPHKAyEEDHzCMQydTJuWvrE+Aanzw==",
      "dev": true
    }
  }
}
